
Microsoft Visual Studio Solution File, Format Version 12.00
# Visual Studio Version 16
VisualStudioVersion = 16.0.31105.61
MinimumVisualStudioVersion = 10.0.40219.1
Project("{FAE04EC0-301F-11D3-BF4B-00C04F79EFBC}") = "WpfApps", "WpfApps\WpfApps.csproj", "{D765107C-9B48-450A-95D1-856D21D27164}"
EndProject
Project("{FAE04EC0-301F-11D3-BF4B-00C04F79EFBC}") = "ResourcesWPF", "ResourcesWPF\ResourcesWPF.csproj", "{7AA45A9F-6D7E-4947-AB7C-0F40C6E62D0E}"
EndProject
Global
	GlobalSection(SolutionConfigurationPlatforms) = preSolution
		Debug|Any CPU = Debug|Any CPU
		Release|Any CPU = Release|Any CPU
	EndGlobalSection
	GlobalSection(ProjectConfigurationPlatforms) = postSolution
		{D765107C-9B48-450A-95D1-856D21D27164}.Debug|Any CPU.ActiveCfg = Debug|Any CPU
		{D765107C-9B48-450A-95D1-856D21D27164}.Debug|Any CPU.Build.0 = Debug|Any CPU
		{D765107C-9B48-450A-95D1-856D21D27164}.Release|Any CPU.ActiveCfg = Release|Any CPU
		{D765107C-9B48-450A-95D1-856D21D27164}.Release|Any CPU.Build.0 = Release|Any CPU
		{7AA45A9F-6D7E-4947-AB7C-0F40C6E62D0E}.Debug|Any CPU.ActiveCfg = Debug|Any CPU
		{7AA45A9F-6D7E-4947-AB7C-0F40C6E62D0E}.Debug|Any CPU.Build.0 = Debug|Any CPU
		{7AA45A9F-6D7E-4947-AB7C-0F40C6E62D0E}.Release|Any CPU.ActiveCfg = Release|Any CPU
		{7AA45A9F-6D7E-4947-AB7C-0F40C6E62D0E}.Release|Any CPU.Build.0 = Release|Any CPU
	EndGlobalSection
	GlobalSection(SolutionProperties) = preSolution
		HideSolutionNode = FALSE
	EndGlobalSection
	GlobalSection(ExtensibilityGlobals) = postSolution
		SolutionGuid = {4167EE10-2D10-496B-9BC9-1EA3DBEE14E4}
	EndGlobalSection
EndGlobal
